{
  "name": "consoleamogus",
  "version": "1.0.0",
  "lockfileVersion": 2,
  "requires": true,
  "packages": {
    "": {
      "name": "consoleamogus",
      "version": "1.0.0",
      "license": "MIT",
      "dependencies": {
        "@skeldjs/client": "^2.11.10"
      }
    },
    "node_modules/@fidm/asn1": {
      "version": "1.0.4",
      "resolved": "https://registry.npmjs.org/@fidm/asn1/-/asn1-1.0.4.tgz",
      "integrity": "sha512-esd1jyNvRb2HVaQGq2Gg8Z0kbQPXzV9Tq5Z14KNIov6KfFD6PTaRIO8UpcsYiTNzOqJpmyzWgVTrUwFV3UF4TQ==",
      "engines": {
        "node": ">= 8"
      }
    },
    "node_modules/@fidm/x509": {
      "version": "1.2.1",
      "resolved": "https://registry.npmjs.org/@fidm/x509/-/x509-1.2.1.tgz",
      "integrity": "sha512-nwc2iesjyc9hkuzcrMCBXQRn653XuAUKorfWM8PZyJawiy1QzLj4vahwzaI25+pfpwOLvMzbJ0uKpWLDNmo16w==",
      "dependencies": {
        "@fidm/asn1": "^1.0.4",
        "tweetnacl": "^1.0.1"
      },
      "engines": {
        "node": ">= 8"
      }
    },
    "node_modules/@skeldjs/client": {
      "version": "2.11.10",
      "resolved": "https://registry.npmjs.org/@skeldjs/client/-/client-2.11.10.tgz",
      "integrity": "sha512-FKyno3/RWuQfucxuQGPcZHnncW6eIZPnM6sHyrGcB7mtBMVOmG8z5tIZpG5n28AKOqRCNkBFc0zg7nqVDqI2Uw==",
      "dependencies": {
        "@skeldjs/constant": "2.11.10",
        "@skeldjs/core": "2.11.10",
        "@skeldjs/data": "2.11.10",
        "@skeldjs/dtls": "2.11.10",
        "@skeldjs/events": "2.11.10",
        "@skeldjs/protocol": "2.11.10",
        "@skeldjs/state": "2.11.10",
        "@skeldjs/util": "2.11.10"
      }
    },
    "node_modules/@skeldjs/constant": {
      "version": "2.11.10",
      "resolved": "https://registry.npmjs.org/@skeldjs/constant/-/constant-2.11.10.tgz",
      "integrity": "sha512-ph1B8mYWihyDjMFsx/PZvD2QeJWg42eFYL0TR0WgXhHE1AMT9jNAOr4rhm1Iq2cVe+NeSfcnDlkz0N0qceD5ag==",
      "dependencies": {
        "@skeldjs/util": "2.11.10"
      }
    },
    "node_modules/@skeldjs/core": {
      "version": "2.11.10",
      "resolved": "https://registry.npmjs.org/@skeldjs/core/-/core-2.11.10.tgz",
      "integrity": "sha512-u20ZEhUe5MZ/9/PKDnWLXxWbxwVlKxLYCP9NdDrcIjxwpmocdMOQJglqQshWjOIDRNxSIu0d08z+9JG2RCJlSw==",
      "dependencies": {
        "@skeldjs/constant": "2.11.10",
        "@skeldjs/data": "2.11.10",
        "@skeldjs/events": "2.11.10",
        "@skeldjs/protocol": "2.11.10",
        "@skeldjs/util": "2.11.10"
      }
    },
    "node_modules/@skeldjs/data": {
      "version": "2.11.10",
      "resolved": "https://registry.npmjs.org/@skeldjs/data/-/data-2.11.10.tgz",
      "integrity": "sha512-bBQxvmKohaVnwD0NVnlYg011HGLS4zbdH/LqvaiNSg6+NeJD+VNaFLlngt/mcCW4ZLdUneys8ZLaBc5NFOAFzg==",
      "dependencies": {
        "@skeldjs/constant": "2.11.10",
        "@skeldjs/util": "2.11.10"
      }
    },
    "node_modules/@skeldjs/dtls": {
      "version": "2.11.10",
      "resolved": "https://registry.npmjs.org/@skeldjs/dtls/-/dtls-2.11.10.tgz",
      "integrity": "sha512-QVsPewLcnAyzVMPxjNrNZeR0Wnle/crf1Wv4G+VBKarvngQJVx/8zIaUBhMV6TiQJkHZEHuZOhAq2v063cT88A==",
      "dependencies": {
        "@fidm/x509": "^1.2.1",
        "@skeldjs/util": "2.11.10"
      }
    },
    "node_modules/@skeldjs/events": {
      "version": "2.11.10",
      "resolved": "https://registry.npmjs.org/@skeldjs/events/-/events-2.11.10.tgz",
      "integrity": "sha512-N7hRuZJvxec63uhngFUhS9WDnF3hcJVfaw83ZQ1DcyIBwqESD3eK/C17z1/3VY47PS0nHN51IVkKmNCMBIBx6A=="
    },
    "node_modules/@skeldjs/protocol": {
      "version": "2.11.10",
      "resolved": "https://registry.npmjs.org/@skeldjs/protocol/-/protocol-2.11.10.tgz",
      "integrity": "sha512-F0Q5de4Q0sfDDYK2gTSbi29AWV170m/D2EPpQY409q696RonxlXJ+kCj0mLHwxDg5WmzZlBBYceTzdlIhvy0AA==",
      "dependencies": {
        "@skeldjs/constant": "2.11.10",
        "@skeldjs/util": "2.11.10"
      }
    },
    "node_modules/@skeldjs/state": {
      "version": "2.11.10",
      "resolved": "https://registry.npmjs.org/@skeldjs/state/-/state-2.11.10.tgz",
      "integrity": "sha512-uMWsoyg0R2oDTzjEQ3oL3mzbSpIwKnUTxfnPp5FBHzKhoaBHW/WmBjUZ9jSAf79O9bTIREWE4ebgKc0Prq7KEw==",
      "dependencies": {
        "@skeldjs/core": "2.11.10",
        "@skeldjs/protocol": "2.11.10",
        "@skeldjs/util": "2.11.10"
      }
    },
    "node_modules/@skeldjs/util": {
      "version": "2.11.10",
      "resolved": "https://registry.npmjs.org/@skeldjs/util/-/util-2.11.10.tgz",
      "integrity": "sha512-pDuTxdBezXcUboe6OOxqxP6oDv+QRPTVmkV9+X2OZRRp5EQFFq1kmaXww6PMDpEscdrL/pS9S8397IbC4DrooA=="
    },
    "node_modules/tweetnacl": {
      "version": "1.0.3",
      "resolved": "https://registry.npmjs.org/tweetnacl/-/tweetnacl-1.0.3.tgz",
      "integrity": "sha512-6rt+RN7aOi1nGMyC4Xa5DdYiukl2UWCbcJft7YhxReBGQD7OAM8Pbxw6YMo4r2diNEA8FEmu32YOn9rhaiE5yw=="
    }
  },
  "dependencies": {
    "@fidm/asn1": {
      "version": "1.0.4",
      "resolved": "https://registry.npmjs.org/@fidm/asn1/-/asn1-1.0.4.tgz",
      "integrity": "sha512-esd1jyNvRb2HVaQGq2Gg8Z0kbQPXzV9Tq5Z14KNIov6KfFD6PTaRIO8UpcsYiTNzOqJpmyzWgVTrUwFV3UF4TQ=="
    },
    "@fidm/x509": {
      "version": "1.2.1",
      "resolved": "https://registry.npmjs.org/@fidm/x509/-/x509-1.2.1.tgz",
      "integrity": "sha512-nwc2iesjyc9hkuzcrMCBXQRn653XuAUKorfWM8PZyJawiy1QzLj4vahwzaI25+pfpwOLvMzbJ0uKpWLDNmo16w==",
      "requires": {
        "@fidm/asn1": "^1.0.4",
        "tweetnacl": "^1.0.1"
      }
    },
    "@skeldjs/client": {
      "version": "2.11.10",
      "resolved": "https://registry.npmjs.org/@skeldjs/client/-/client-2.11.10.tgz",
      "integrity": "sha512-FKyno3/RWuQfucxuQGPcZHnncW6eIZPnM6sHyrGcB7mtBMVOmG8z5tIZpG5n28AKOqRCNkBFc0zg7nqVDqI2Uw==",
      "requires": {
        "@skeldjs/constant": "2.11.10",
        "@skeldjs/core": "2.11.10",
        "@skeldjs/data": "2.11.10",
        "@skeldjs/dtls": "2.11.10",
        "@skeldjs/events": "2.11.10",
        "@skeldjs/protocol": "2.11.10",
        "@skeldjs/state": "2.11.10",
        "@skeldjs/util": "2.11.10"
      }
    },
    "@skeldjs/constant": {
      "version": "2.11.10",
      "resolved": "https://registry.npmjs.org/@skeldjs/constant/-/constant-2.11.10.tgz",
      "integrity": "sha512-ph1B8mYWihyDjMFsx/PZvD2QeJWg42eFYL0TR0WgXhHE1AMT9jNAOr4rhm1Iq2cVe+NeSfcnDlkz0N0qceD5ag==",
      "requires": {
        "@skeldjs/util": "2.11.10"
      }
    },
    "@skeldjs/core": {
      "version": "2.11.10",
      "resolved": "https://registry.npmjs.org/@skeldjs/core/-/core-2.11.10.tgz",
      "integrity": "sha512-u20ZEhUe5MZ/9/PKDnWLXxWbxwVlKxLYCP9NdDrcIjxwpmocdMOQJglqQshWjOIDRNxSIu0d08z+9JG2RCJlSw==",
      "requires": {
        "@skeldjs/constant": "2.11.10",
        "@skeldjs/data": "2.11.10",
        "@skeldjs/events": "2.11.10",
        "@skeldjs/protocol": "2.11.10",
        "@skeldjs/util": "2.11.10"
      }
    },
    "@skeldjs/data": {
      "version": "2.11.10",
      "resolved": "https://registry.npmjs.org/@skeldjs/data/-/data-2.11.10.tgz",
      "integrity": "sha512-bBQxvmKohaVnwD0NVnlYg011HGLS4zbdH/LqvaiNSg6+NeJD+VNaFLlngt/mcCW4ZLdUneys8ZLaBc5NFOAFzg==",
      "requires": {
        "@skeldjs/constant": "2.11.10",
        "@skeldjs/util": "2.11.10"
      }
    },
    "@skeldjs/dtls": {
      "version": "2.11.10",
      "resolved": "https://registry.npmjs.org/@skeldjs/dtls/-/dtls-2.11.10.tgz",
      "integrity": "sha512-QVsPewLcnAyzVMPxjNrNZeR0Wnle/crf1Wv4G+VBKarvngQJVx/8zIaUBhMV6TiQJkHZEHuZOhAq2v063cT88A==",
      "requires": {
        "@fidm/x509": "^1.2.1",
        "@skeldjs/util": "2.11.10"
      }
    },
    "@skeldjs/events": {
      "version": "2.11.10",
      "resolved": "https://registry.npmjs.org/@skeldjs/events/-/events-2.11.10.tgz",
      "integrity": "sha512-N7hRuZJvxec63uhngFUhS9WDnF3hcJVfaw83ZQ1DcyIBwqESD3eK/C17z1/3VY47PS0nHN51IVkKmNCMBIBx6A=="
    },
    "@skeldjs/protocol": {
      "version": "2.11.10",
      "resolved": "https://registry.npmjs.org/@skeldjs/protocol/-/protocol-2.11.10.tgz",
      "integrity": "sha512-F0Q5de4Q0sfDDYK2gTSbi29AWV170m/D2EPpQY409q696RonxlXJ+kCj0mLHwxDg5WmzZlBBYceTzdlIhvy0AA==",
      "requires": {
        "@skeldjs/constant": "2.11.10",
        "@skeldjs/util": "2.11.10"
      }
    },
    "@skeldjs/state": {
      "version": "2.11.10",
      "resolved": "https://registry.npmjs.org/@skeldjs/state/-/state-2.11.10.tgz",
      "integrity": "sha512-uMWsoyg0R2oDTzjEQ3oL3mzbSpIwKnUTxfnPp5FBHzKhoaBHW/WmBjUZ9jSAf79O9bTIREWE4ebgKc0Prq7KEw==",
      "requires": {
        "@skeldjs/core": "2.11.10",
        "@skeldjs/protocol": "2.11.10",
        "@skeldjs/util": "2.11.10"
      }
    },
    "@skeldjs/util": {
      "version": "2.11.10",
      "resolved": "https://registry.npmjs.org/@skeldjs/util/-/util-2.11.10.tgz",
      "integrity": "sha512-pDuTxdBezXcUboe6OOxqxP6oDv+QRPTVmkV9+X2OZRRp5EQFFq1kmaXww6PMDpEscdrL/pS9S8397IbC4DrooA=="
    },
    "tweetnacl": {
      "version": "1.0.3",
      "resolved": "https://registry.npmjs.org/tweetnacl/-/tweetnacl-1.0.3.tgz",
      "integrity": "sha512-6rt+RN7aOi1nGMyC4Xa5DdYiukl2UWCbcJft7YhxReBGQD7OAM8Pbxw6YMo4r2diNEA8FEmu32YOn9rhaiE5yw=="
    }
  }
}
